
Microsoft Visual Studio Solution File, Format Version 12.00
# Visual Studio Version 16
VisualStudioVersion = 16.0.31313.79
MinimumVisualStudioVersion = 10.0.40219.1
Project("{FAE04EC0-301F-11D3-BF4B-00C04F79EFBC}") = "Bolletta2", "Bolletta2\Bolletta2.csproj", "{6D1437D5-A1B7-4A05-B6AD-BF11EE378DCA}"
EndProject
Global
	GlobalSection(SolutionConfigurationPlatforms) = preSolution
		Debug|Any CPU = Debug|Any CPU
		Release|Any CPU = Release|Any CPU
	EndGlobalSection
	GlobalSection(ProjectConfigurationPlatforms) = postSolution
		{6D1437D5-A1B7-4A05-B6AD-BF11EE378DCA}.Debug|Any CPU.ActiveCfg = Debug|Any CPU
		{6D1437D5-A1B7-4A05-B6AD-BF11EE378DCA}.Debug|Any CPU.Build.0 = Debug|Any CPU
		{6D1437D5-A1B7-4A05-B6AD-BF11EE378DCA}.Release|Any CPU.ActiveCfg = Release|Any CPU
		{6D1437D5-A1B7-4A05-B6AD-BF11EE378DCA}.Release|Any CPU.Build.0 = Release|Any CPU
	EndGlobalSection
	GlobalSection(SolutionProperties) = preSolution
		HideSolutionNode = FALSE
	EndGlobalSection
	GlobalSection(ExtensibilityGlobals) = postSolution
		SolutionGuid = {4C307350-F91A-41A6-B8A0-071F7F9C24EA}
	EndGlobalSection
EndGlobal
